// !$*UTF8*$!
{
	archiveVersion = 1;
	classes = {
	};
	objectVersion = 50;
	objects = {

/* Begin PBXBuildFile section */
		BEF44E992695DFDF00F7976F /* AppDelegate.swift in Sources */ = {isa = PBXBuildFile; fileRef = BEF44E982695DFDF00F7976F /* AppDelegate.swift */; };
		BEF44E9B2695DFDF00F7976F /* SceneDelegate.swift in Sources */ = {isa = PBXBuildFile; fileRef = BEF44E9A2695DFDF00F7976F /* SceneDelegate.swift */; };
		BEF44E9D2695DFDF00F7976F /* ViewController.swift in Sources */ = {isa = PBXBuildFile; fileRef = BEF44E9C2695DFDF00F7976F /* ViewController.swift */; };
		BEF44EA02695DFDF00F7976F /* Main.storyboard in Resources */ = {isa = PBXBuildFile; fileRef = BEF44E9E2695DFDF00F7976F /* Main.storyboard */; };
		BEF44EA22695DFE200F7976F /* Assets.xcassets in Resources */ = {isa = PBXBuildFile; fileRef = BEF44EA12695DFE200F7976F /* Assets.xcassets */; };
		BEF44EA52695DFE200F7976F /* LaunchScreen.storyboard in Resources */ = {isa = PBXBuildFile; fileRef = BEF44EA32695DFE200F7976F /* LaunchScreen.storyboard */; };
		BEF44EAE2695E02900F7976F /* Endpoint.swift in Sources */ = {isa = PBXBuildFile; fileRef = BEF44EAD2695E02900F7976F /* Endpoint.swift */; };
		BEF44EB12695E13D00F7976F /* FlickrEndPoint.swift in Sources */ = {isa = PBXBuildFile; fileRef = BEF44EB02695E13D00F7976F /* FlickrEndPoint.swift */; };
		BEF44EB32695E20900F7976F /* NetworkEngine.swift in Sources */ = {isa = PBXBuildFile; fileRef = BEF44EB22695E20900F7976F /* NetworkEngine.swift */; };
/* End PBXBuildFile section */

/* Begin PBXFileReference section */
		BEF44E952695DFDF00F7976F /* NetworkLayer.app */ = {isa = PBXFileReference; explicitFileType = wrapper.application; includeInIndex = 0; path = NetworkLayer.app; sourceTree = BUILT_PRODUCTS_DIR; };
		BEF44E982695DFDF00F7976F /* AppDelegate.swift */ = {isa = PBXFileReference; lastKnownFileType = sourcecode.swift; path = AppDelegate.swift; sourceTree = "<group>"; };
		BEF44E9A2695DFDF00F7976F /* SceneDelegate.swift */ = {isa = PBXFileReference; lastKnownFileType = sourcecode.swift; path = SceneDelegate.swift; sourceTree = "<group>"; };
		BEF44E9C2695DFDF00F7976F /* ViewController.swift */ = {isa = PBXFileReference; lastKnownFileType = sourcecode.swift; path = ViewController.swift; sourceTree = "<group>"; };
		BEF44E9F2695DFDF00F7976F /* Base */ = {isa = PBXFileReference; lastKnownFileType = file.storyboard; name = Base; path = Base.lproj/Main.storyboard; sourceTree = "<group>"; };
		BEF44EA12695DFE200F7976F /* Assets.xcassets */ = {isa = PBXFileReference; lastKnownFileType = folder.assetcatalog; path = Assets.xcassets; sourceTree = "<group>"; };
		BEF44EA42695DFE200F7976F /* Base */ = {isa = PBXFileReference; lastKnownFileType = file.storyboard; name = Base; path = Base.lproj/LaunchScreen.storyboard; sourceTree = "<group>"; };
		BEF44EA62695DFE200F7976F /* Info.plist */ = {isa = PBXFileReference; lastKnownFileType = text.plist.xml; path = Info.plist; sourceTree = "<group>"; };
		BEF44EAD2695E02900F7976F /* Endpoint.swift */ = {isa = PBXFileReference; lastKnownFileType = sourcecode.swift; path = Endpoint.swift; sourceTree = "<group>"; };
		BEF44EB02695E13D00F7976F /* FlickrEndPoint.swift */ = {isa = PBXFileReference; lastKnownFileType = sourcecode.swift; path = FlickrEndPoint.swift; sourceTree = "<group>"; };
		BEF44EB22695E20900F7976F /* NetworkEngine.swift */ = {isa = PBXFileReference; lastKnownFileType = sourcecode.swift; path = NetworkEngine.swift; sourceTree = "<group>"; };
/* End PBXFileReference section */

/* Begin PBXFrameworksBuildPhase section */
		BEF44E922695DFDF00F7976F /* Frameworks */ = {
			isa = PBXFrameworksBuildPhase;
			buildActionMask = 2147483647;
			files = (
			);
			runOnlyForDeploymentPostprocessing = 0;
		};
/* End PBXFrameworksBuildPhase section */

/* Begin PBXGroup section */
		BEF44E8C2695DFDF00F7976F = {
			isa = PBXGroup;
			children = (
				BEF44E972695DFDF00F7976F /* NetworkLayer */,
				BEF44E962695DFDF00F7976F /* Products */,
			);
			sourceTree = "<group>";
		};
		BEF44E962695DFDF00F7976F /* Products */ = {
			isa = PBXGroup;
			children = (
				BEF44E952695DFDF00F7976F /* NetworkLayer.app */,
			);
			name = Products;
			sourceTree = "<group>";
		};
		BEF44E972695DFDF00F7976F /* NetworkLayer */ = {
			isa = PBXGroup;
			children = (
				BEF44EAC2695DFF100F7976F /* Network */,
				BEF44E982695DFDF00F7976F /* AppDelegate.swift */,
				BEF44E9A2695DFDF00F7976F /* SceneDelegate.swift */,
				BEF44E9C2695DFDF00F7976F /* ViewController.swift */,
				BEF44E9E2695DFDF00F7976F /* Main.storyboard */,
				BEF44EA12695DFE200F7976F /* Assets.xcassets */,
				BEF44EA32695DFE200F7976F /* LaunchScreen.storyboard */,
				BEF44EA62695DFE200F7976F /* Info.plist */,
			);
			path = NetworkLayer;
			sourceTree = "<group>";
		};
		BEF44EAC2695DFF100F7976F /* Network */ = {
			isa = PBXGroup;
			children = (
				BEF44EAD2695E02900F7976F /* Endpoint.swift */,
				BEF44EB02695E13D00F7976F /* FlickrEndPoint.swift */,
				BEF44EB22695E20900F7976F /* NetworkEngine.swift */,
			);
			path = Network;
			sourceTree = "<group>";
		};
/* End PBXGroup section */

/* Begin PBXNativeTarget section */
		BEF44E942695DFDF00F7976F /* NetworkLayer */ = {
			isa = PBXNativeTarget;
			buildConfigurationList = BEF44EA92695DFE200F7976F /* Build configuration list for PBXNativeTarget "NetworkLayer" */;
			buildPhases = (
				BEF44E912695DFDF00F7976F /* Sources */,
				BEF44E922695DFDF00F7976F /* Frameworks */,
				BEF44E932695DFDF00F7976F /* Resources */,
			);
			buildRules = (
			);
			dependencies = (
			);
			name = NetworkLayer;
			productName = NetworkLayer;
			productReference = BEF44E952695DFDF00F7976F /* NetworkLayer.app */;
			productType = "com.apple.product-type.application";
		};
/* End PBXNativeTarget section */

/* Begin PBXProject section */
		BEF44E8D2695DFDF00F7976F /* Project object */ = {
			isa = PBXProject;
			attributes = {
				LastSwiftUpdateCheck = 1250;
				LastUpgradeCheck = 1250;
				TargetAttributes = {
					BEF44E942695DFDF00F7976F = {
						CreatedOnToolsVersion = 12.5.1;
					};
				};
			};
			buildConfigurationList = BEF44E902695DFDF00F7976F /* Build configuration list for PBXProject "NetworkLayer" */;
			compatibilityVersion = "Xcode 9.3";
			developmentRegion = en;
			hasScannedForEncodings = 0;
			knownRegions = (
				en,
				Base,
			);
			mainGroup = BEF44E8C2695DFDF00F7976F;
			productRefGroup = BEF44E962695DFDF00F7976F /* Products */;
			projectDirPath = "";
			projectRoot = "";
			targets = (
				BEF44E942695DFDF00F7976F /* NetworkLayer */,
			);
		};
/* End PBXProject section */

/* Begin PBXResourcesBuildPhase section */
		BEF44E932695DFDF00F7976F /* Resources */ = {
			isa = PBXResourcesBuildPhase;
			buildActionMask = 2147483647;
			files = (
				BEF44EA52695DFE200F7976F /* LaunchScreen.storyboard in Resources */,
				BEF44EA22695DFE200F7976F /* Assets.xcassets in Resources */,
				BEF44EA02695DFDF00F7976F /* Main.storyboard in Resources */,
			);
			runOnlyForDeploymentPostprocessing = 0;
		};
/* End PBXResourcesBuildPhase section */

/* Begin PBXSourcesBuildPhase section */
		BEF44E912695DFDF00F7976F /* Sources */ = {
			isa = PBXSourcesBuildPhase;
			buildActionMask = 2147483647;
			files = (
				BEF44E9D2695DFDF00F7976F /* ViewController.swift in Sources */,
				BEF44E992695DFDF00F7976F /* AppDelegate.swift in Sources */,
				BEF44EB32695E20900F7976F /* NetworkEngine.swift in Sources */,
				BEF44EAE2695E02900F7976F /* Endpoint.swift in Sources */,
				BEF44E9B2695DFDF00F7976F /* SceneDelegate.swift in Sources */,
				BEF44EB12695E13D00F7976F /* FlickrEndPoint.swift in Sources */,
			);
			runOnlyForDeploymentPostprocessing = 0;
		};
/* End PBXSourcesBuildPhase section */

/* Begin PBXVariantGroup section */
		BEF44E9E2695DFDF00F7976F /* Main.storyboard */ = {
			isa = PBXVariantGroup;
			children = (
				BEF44E9F2695DFDF00F7976F /* Base */,
			);
			name = Main.storyboard;
			sourceTree = "<group>";
		};
		BEF44EA32695DFE200F7976F /* LaunchScreen.storyboard */ = {
			isa = PBXVariantGroup;
			children = (
				BEF44EA42695DFE200F7976F /* Base */,
			);
			name = LaunchScreen.storyboard;
			sourceTree = "<group>";
		};
/* End PBXVariantGroup section */

/* Begin XCBuildConfiguration section */
		BEF44EA72695DFE200F7976F /* Debug */ = {
			isa = XCBuildConfiguration;
			buildSettings = {
				ALWAYS_SEARCH_USER_PATHS = NO;
				CLANG_ANALYZER_NONNULL = YES;
				CLANG_ANALYZER_NUMBER_OBJECT_CONVERSION = YES_AGGRESSIVE;
				CLANG_CXX_LANGUAGE_STANDARD = "gnu++14";
				CLANG_CXX_LIBRARY = "libc++";
				CLANG_ENABLE_MODULES = YES;
				CLANG_ENABLE_OBJC_ARC = YES;
				CLANG_ENABLE_OBJC_WEAK = YES;
				CLANG_WARN_BLOCK_CAPTURE_AUTORELEASING = YES;
				CLANG_WARN_BOOL_CONVERSION = YES;
				CLANG_WARN_COMMA = YES;
				CLANG_WARN_CONSTANT_CONVERSION = YES;
				CLANG_WARN_DEPRECATED_OBJC_IMPLEMENTATIONS = YES;
				CLANG_WARN_DIRECT_OBJC_ISA_USAGE = YES_ERROR;
				CLANG_WARN_DOCUMENTATION_COMMENTS = YES;
				CLANG_WARN_EMPTY_BODY = YES;
				CLANG_WARN_ENUM_CONVERSION = YES;
				CLANG_WARN_INFINITE_RECURSION = YES;
				CLANG_WARN_INT_CONVERSION = YES;
				CLANG_WARN_NON_LITERAL_NULL_CONVERSION = YES;
				CLANG_WARN_OBJC_IMPLICIT_RETAIN_SELF = YES;
				CLANG_WARN_OBJC_LITERAL_CONVERSION = YES;
				CLANG_WARN_OBJC_ROOT_CLASS = YES_ERROR;
				CLANG_WARN_QUOTED_INCLUDE_IN_FRAMEWORK_HEADER = YES;
				CLANG_WARN_RANGE_LOOP_ANALYSIS = YES;
				CLANG_WARN_STRICT_PROTOTYPES = YES;
				CLANG_WARN_SUSPICIOUS_MOVE = YES;
				CLANG_WARN_UNGUARDED_AVAILABILITY = YES_AGGRESSIVE;
				CLANG_WARN_UNREACHABLE_CODE = YES;
				CLANG_WARN__DUPLICATE_METHOD_MATCH = YES;
				COPY_PHASE_STRIP = NO;
				DEBUG_INFORMATION_FORMAT = dwarf;
				ENABLE_STRICT_OBJC_MSGSEND = YES;
				ENABLE_TESTABILITY = YES;
				GCC_C_LANGUAGE_STANDARD = gnu11;
				GCC_DYNAMIC_NO_PIC = NO;
				GCC_NO_COMMON_BLOCKS = YES;
				GCC_OPTIMIZATION_LEVEL = 0;
				GCC_PREPROCESSOR_DEFINITIONS = (
					"DEBUG=1",
					"$(inherited)",
				);
				GCC_WARN_64_TO_32_BIT_CONVERSION = YES;
				GCC_WARN_ABOUT_RETURN_TYPE = YES_ERROR;
				GCC_WARN_UNDECLARED_SELECTOR = YES;
				GCC_WARN_UNINITIALIZED_AUTOS = YES_AGGRESSIVE;
				GCC_WARN_UNUSED_FUNCTION = YES;
				GCC_WARN_UNUSED_VARIABLE = YES;
				IPHONEOS_DEPLOYMENT_TARGET = 14.5;
				MTL_ENABLE_DEBUG_INFO = INCLUDE_SOURCE;
				MTL_FAST_MATH = YES;
				ONLY_ACTIVE_ARCH = YES;
				SDKROOT = iphoneos;
				SWIFT_ACTIVE_COMPILATION_CONDITIONS = DEBUG;
				SWIFT_OPTIMIZATION_LEVEL = "-Onone";
			};
			name = Debug;
		};
		BEF44EA82695DFE200F7976F /* Release */ = {
			isa = XCBuildConfiguration;
			buildSettings = {
				ALWAYS_SEARCH_USER_PATHS = NO;
				CLANG_ANALYZER_NONNULL = YES;
				CLANG_ANALYZER_NUMBER_OBJECT_CONVERSION = YES_AGGRESSIVE;
				CLANG_CXX_LANGUAGE_STANDARD = "gnu++14";
				CLANG_CXX_LIBRARY = "libc++";
				CLANG_ENABLE_MODULES = YES;
				CLANG_ENABLE_OBJC_ARC = YES;
				CLANG_ENABLE_OBJC_WEAK = YES;
				CLANG_WARN_BLOCK_CAPTURE_AUTORELEASING = YES;
				CLANG_WARN_BOOL_CONVERSION = YES;
				CLANG_WARN_COMMA = YES;
				CLANG_WARN_CONSTANT_CONVERSION = YES;
				CLANG_WARN_DEPRECATED_OBJC_IMPLEMENTATIONS = YES;
				CLANG_WARN_DIRECT_OBJC_ISA_USAGE = YES_ERROR;
				CLANG_WARN_DOCUMENTATION_COMMENTS = YES;
				CLANG_WARN_EMPTY_BODY = YES;
				CLANG_WARN_ENUM_CONVERSION = YES;
				CLANG_WARN_INFINITE_RECURSION = YES;
				CLANG_WARN_INT_CONVERSION = YES;
				CLANG_WARN_NON_LITERAL_NULL_CONVERSION = YES;
				CLANG_WARN_OBJC_IMPLICIT_RETAIN_SELF = YES;
				CLANG_WARN_OBJC_LITERAL_CONVERSION = YES;
				CLANG_WARN_OBJC_ROOT_CLASS = YES_ERROR;
				CLANG_WARN_QUOTED_INCLUDE_IN_FRAMEWORK_HEADER = YES;
				CLANG_WARN_RANGE_LOOP_ANALYSIS = YES;
				CLANG_WARN_STRICT_PROTOTYPES = YES;
				CLANG_WARN_SUSPICIOUS_MOVE = YES;
				CLANG_WARN_UNGUARDED_AVAILABILITY = YES_AGGRESSIVE;
				CLANG_WARN_UNREACHABLE_CODE = YES;
				CLANG_WARN__DUPLICATE_METHOD_MATCH = YES;
				COPY_PHASE_STRIP = NO;
				DEBUG_INFORMATION_FORMAT = "dwarf-with-dsym";
				ENABLE_NS_ASSERTIONS = NO;
				ENABLE_STRICT_OBJC_MSGSEND = YES;
				GCC_C_LANGUAGE_STANDARD = gnu11;
				GCC_NO_COMMON_BLOCKS = YES;
				GCC_WARN_64_TO_32_BIT_CONVERSION = YES;
				GCC_WARN_ABOUT_RETURN_TYPE = YES_ERROR;
				GCC_WARN_UNDECLARED_SELECTOR = YES;
				GCC_WARN_UNINITIALIZED_AUTOS = YES_AGGRESSIVE;
				GCC_WARN_UNUSED_FUNCTION = YES;
				GCC_WARN_UNUSED_VARIABLE = YES;
				IPHONEOS_DEPLOYMENT_TARGET = 14.5;
				MTL_ENABLE_DEBUG_INFO = NO;
				MTL_FAST_MATH = YES;
				SDKROOT = iphoneos;
				SWIFT_COMPILATION_MODE = wholemodule;
				SWIFT_OPTIMIZATION_LEVEL = "-O";
				VALIDATE_PRODUCT = YES;
			};
			name = Release;
		};
		BEF44EAA2695DFE200F7976F /* Debug */ = {
			isa = XCBuildConfiguration;
			buildSettings = {
				ASSETCATALOG_COMPILER_APPICON_NAME = AppIcon;
				ASSETCATALOG_COMPILER_GLOBAL_ACCENT_COLOR_NAME = AccentColor;
				CODE_SIGN_STYLE = Automatic;
				DEVELOPMENT_TEAM = H5W6DUL8QB;
				INFOPLIST_FILE = NetworkLayer/Info.plist;
				LD_RUNPATH_SEARCH_PATHS = (
					"$(inherited)",
					"@executable_path/Frameworks",
				);
				PRODUCT_BUNDLE_IDENTIFIER = "Vinyar-project.NetworkLayer";
				PRODUCT_NAME = "$(TARGET_NAME)";
				SWIFT_VERSION = 5.0;
				TARGETED_DEVICE_FAMILY = "1,2";
			};
			name = Debug;
		};
		BEF44EAB2695DFE200F7976F /* Release */ = {
			isa = XCBuildConfiguration;
			buildSettings = {
				ASSETCATALOG_COMPILER_APPICON_NAME = AppIcon;
				ASSETCATALOG_COMPILER_GLOBAL_ACCENT_COLOR_NAME = AccentColor;
				CODE_SIGN_STYLE = Automatic;
				DEVELOPMENT_TEAM = H5W6DUL8QB;
				INFOPLIST_FILE = NetworkLayer/Info.plist;
				LD_RUNPATH_SEARCH_PATHS = (
					"$(inherited)",
					"@executable_path/Frameworks",
				);
				PRODUCT_BUNDLE_IDENTIFIER = "Vinyar-project.NetworkLayer";
				PRODUCT_NAME = "$(TARGET_NAME)";
				SWIFT_VERSION = 5.0;
				TARGETED_DEVICE_FAMILY = "1,2";
			};
			name = Release;
		};
/* End XCBuildConfiguration section */

/* Begin XCConfigurationList section */
		BEF44E902695DFDF00F7976F /* Build configuration list for PBXProject "NetworkLayer" */ = {
			isa = XCConfigurationList;
			buildConfigurations = (
				BEF44EA72695DFE200F7976F /* Debug */,
				BEF44EA82695DFE200F7976F /* Release */,
			);
			defaultConfigurationIsVisible = 0;
			defaultConfigurationName = Release;
		};
		BEF44EA92695DFE200F7976F /* Build configuration list for PBXNativeTarget "NetworkLayer" */ = {
			isa = XCConfigurationList;
			buildConfigurations = (
				BEF44EAA2695DFE200F7976F /* Debug */,
				BEF44EAB2695DFE200F7976F /* Release */,
			);
			defaultConfigurationIsVisible = 0;
			defaultConfigurationName = Release;
		};
/* End XCConfigurationList section */
	};
	rootObject = BEF44E8D2695DFDF00F7976F /* Project object */;
}
